# This file is automatically @generated by Cargo.
# It is not intended for manual editing.
version = 4

[[package]]
name = "stroop-bytecode"
version = "0.1.0"

[[package]]
name = "stroop-cli"
version = "0.1.0"
dependencies = [
 "stroop-text-assembly",
 "stroop-vm",
]

[[package]]
name = "stroop-text-assembly"
version = "0.1.0"
dependencies = [
 "stroop-bytecode",
 "stroop-vm",
]

[[package]]
name = "stroop-vm"
version = "0.1.0"
dependencies = [
 "stroop-bytecode",
]
